
Microsoft Visual Studio Solution File, Format Version 12.00
# Visual Studio Version 16
VisualStudioVersion = 16.0.29613.14
MinimumVisualStudioVersion = 10.0.40219.1
Project("{FAE04EC0-301F-11D3-BF4B-00C04F79EFBC}") = "FromForm1ToForm2", "FromForm1ToForm2\FromForm1ToForm2.csproj", "{59AEF860-B896-41A8-B2D9-AFD0B86028F0}"
EndProject
Project("{FAE04EC0-301F-11D3-BF4B-00C04F79EFBC}") = "FromForm2ToForm1", "FromForm2ToForm1\FromForm2ToForm1.csproj", "{FD362293-58A2-42D2-B42F-371EBCB7EFAD}"
EndProject
Global
	GlobalSection(SolutionConfigurationPlatforms) = preSolution
		Debug|Any CPU = Debug|Any CPU
		Release|Any CPU = Release|Any CPU
	EndGlobalSection
	GlobalSection(ProjectConfigurationPlatforms) = postSolution
		{59AEF860-B896-41A8-B2D9-AFD0B86028F0}.Debug|Any CPU.ActiveCfg = Debug|Any CPU
		{59AEF860-B896-41A8-B2D9-AFD0B86028F0}.Debug|Any CPU.Build.0 = Debug|Any CPU
		{59AEF860-B896-41A8-B2D9-AFD0B86028F0}.Release|Any CPU.ActiveCfg = Release|Any CPU
		{59AEF860-B896-41A8-B2D9-AFD0B86028F0}.Release|Any CPU.Build.0 = Release|Any CPU
		{FD362293-58A2-42D2-B42F-371EBCB7EFAD}.Debug|Any CPU.ActiveCfg = Debug|Any CPU
		{FD362293-58A2-42D2-B42F-371EBCB7EFAD}.Debug|Any CPU.Build.0 = Debug|Any CPU
		{FD362293-58A2-42D2-B42F-371EBCB7EFAD}.Release|Any CPU.ActiveCfg = Release|Any CPU
		{FD362293-58A2-42D2-B42F-371EBCB7EFAD}.Release|Any CPU.Build.0 = Release|Any CPU
	EndGlobalSection
	GlobalSection(SolutionProperties) = preSolution
		HideSolutionNode = FALSE
	EndGlobalSection
	GlobalSection(ExtensibilityGlobals) = postSolution
		SolutionGuid = {E5C07887-4DF5-4E7A-88F9-20276424BE75}
	EndGlobalSection
EndGlobal
