
Microsoft Visual Studio Solution File, Format Version 12.00
# Visual Studio Version 16
VisualStudioVersion = 16.0.29613.14
MinimumVisualStudioVersion = 10.0.40219.1
Project("{FAE04EC0-301F-11D3-BF4B-00C04F79EFBC}") = "EmployeeExampleWeek4", "EmployeeExampleWeek4\EmployeeExampleWeek4.csproj", "{6E13E881-7249-428D-A100-2B0C8B6AB060}"
EndProject
Global
	GlobalSection(SolutionConfigurationPlatforms) = preSolution
		Debug|Any CPU = Debug|Any CPU
		Release|Any CPU = Release|Any CPU
	EndGlobalSection
	GlobalSection(ProjectConfigurationPlatforms) = postSolution
		{6E13E881-7249-428D-A100-2B0C8B6AB060}.Debug|Any CPU.ActiveCfg = Debug|Any CPU
		{6E13E881-7249-428D-A100-2B0C8B6AB060}.Debug|Any CPU.Build.0 = Debug|Any CPU
		{6E13E881-7249-428D-A100-2B0C8B6AB060}.Release|Any CPU.ActiveCfg = Release|Any CPU
		{6E13E881-7249-428D-A100-2B0C8B6AB060}.Release|Any CPU.Build.0 = Release|Any CPU
	EndGlobalSection
	GlobalSection(SolutionProperties) = preSolution
		HideSolutionNode = FALSE
	EndGlobalSection
	GlobalSection(ExtensibilityGlobals) = postSolution
		SolutionGuid = {52189CDB-08A8-44E2-B5B9-428D95F76791}
	EndGlobalSection
EndGlobal
