
Microsoft Visual Studio Solution File, Format Version 12.00
# Visual Studio Version 16
VisualStudioVersion = 16.0.29613.14
MinimumVisualStudioVersion = 10.0.40219.1
Project("{FAE04EC0-301F-11D3-BF4B-00C04F79EFBC}") = "IntroToLinq", "IntroToLinq\IntroToLinq.csproj", "{667D7F92-7011-44B7-BE56-4B17E69A1F7B}"
EndProject
Project("{FAE04EC0-301F-11D3-BF4B-00C04F79EFBC}") = "LinqWithList", "LinqWithList\LinqWithList.csproj", "{248FC430-00EE-4183-84D6-A5B61EC29ED6}"
EndProject
Project("{FAE04EC0-301F-11D3-BF4B-00C04F79EFBC}") = "LinqWithClassObjects", "LinqWithClassObjects\LinqWithClassObjects.csproj", "{061C7EA2-E7B8-4A13-9703-43E5210F5B55}"
EndProject
Project("{FAE04EC0-301F-11D3-BF4B-00C04F79EFBC}") = "LinqWithWindowsForms", "LinqWithWindowsForms\LinqWithWindowsForms.csproj", "{44E6B526-A55A-4E56-8B12-60BF7BFFDEF0}"
EndProject
Global
	GlobalSection(SolutionConfigurationPlatforms) = preSolution
		Debug|Any CPU = Debug|Any CPU
		Release|Any CPU = Release|Any CPU
	EndGlobalSection
	GlobalSection(ProjectConfigurationPlatforms) = postSolution
		{667D7F92-7011-44B7-BE56-4B17E69A1F7B}.Debug|Any CPU.ActiveCfg = Debug|Any CPU
		{667D7F92-7011-44B7-BE56-4B17E69A1F7B}.Debug|Any CPU.Build.0 = Debug|Any CPU
		{667D7F92-7011-44B7-BE56-4B17E69A1F7B}.Release|Any CPU.ActiveCfg = Release|Any CPU
		{667D7F92-7011-44B7-BE56-4B17E69A1F7B}.Release|Any CPU.Build.0 = Release|Any CPU
		{248FC430-00EE-4183-84D6-A5B61EC29ED6}.Debug|Any CPU.ActiveCfg = Debug|Any CPU
		{248FC430-00EE-4183-84D6-A5B61EC29ED6}.Debug|Any CPU.Build.0 = Debug|Any CPU
		{248FC430-00EE-4183-84D6-A5B61EC29ED6}.Release|Any CPU.ActiveCfg = Release|Any CPU
		{248FC430-00EE-4183-84D6-A5B61EC29ED6}.Release|Any CPU.Build.0 = Release|Any CPU
		{061C7EA2-E7B8-4A13-9703-43E5210F5B55}.Debug|Any CPU.ActiveCfg = Debug|Any CPU
		{061C7EA2-E7B8-4A13-9703-43E5210F5B55}.Debug|Any CPU.Build.0 = Debug|Any CPU
		{061C7EA2-E7B8-4A13-9703-43E5210F5B55}.Release|Any CPU.ActiveCfg = Release|Any CPU
		{061C7EA2-E7B8-4A13-9703-43E5210F5B55}.Release|Any CPU.Build.0 = Release|Any CPU
		{44E6B526-A55A-4E56-8B12-60BF7BFFDEF0}.Debug|Any CPU.ActiveCfg = Debug|Any CPU
		{44E6B526-A55A-4E56-8B12-60BF7BFFDEF0}.Debug|Any CPU.Build.0 = Debug|Any CPU
		{44E6B526-A55A-4E56-8B12-60BF7BFFDEF0}.Release|Any CPU.ActiveCfg = Release|Any CPU
		{44E6B526-A55A-4E56-8B12-60BF7BFFDEF0}.Release|Any CPU.Build.0 = Release|Any CPU
	EndGlobalSection
	GlobalSection(SolutionProperties) = preSolution
		HideSolutionNode = FALSE
	EndGlobalSection
	GlobalSection(ExtensibilityGlobals) = postSolution
		SolutionGuid = {154A8807-45A2-4FB8-B0EE-885530626352}
	EndGlobalSection
EndGlobal
