
Microsoft Visual Studio Solution File, Format Version 12.00
# Visual Studio Version 16
VisualStudioVersion = 16.0.29613.14
MinimumVisualStudioVersion = 10.0.40219.1
Project("{FAE04EC0-301F-11D3-BF4B-00C04F79EFBC}") = "AccessModifiersExample", "AccessModifiersExample\AccessModifiersExample.csproj", "{8D9E17D2-D5E0-42EF-B932-59FA679D0A6E}"
EndProject
Project("{FAE04EC0-301F-11D3-BF4B-00C04F79EFBC}") = "ProjectOne", "ProjectOne\ProjectOne.csproj", "{63F061A8-8841-4399-A483-DA13EE7A0878}"
EndProject
Project("{FAE04EC0-301F-11D3-BF4B-00C04F79EFBC}") = "ProjecTwo", "ProjecTwo\ProjecTwo.csproj", "{0AE244FD-1C3B-40E1-A327-1048496CDA37}"
EndProject
Global
	GlobalSection(SolutionConfigurationPlatforms) = preSolution
		Debug|Any CPU = Debug|Any CPU
		Release|Any CPU = Release|Any CPU
	EndGlobalSection
	GlobalSection(ProjectConfigurationPlatforms) = postSolution
		{8D9E17D2-D5E0-42EF-B932-59FA679D0A6E}.Debug|Any CPU.ActiveCfg = Debug|Any CPU
		{8D9E17D2-D5E0-42EF-B932-59FA679D0A6E}.Debug|Any CPU.Build.0 = Debug|Any CPU
		{8D9E17D2-D5E0-42EF-B932-59FA679D0A6E}.Release|Any CPU.ActiveCfg = Release|Any CPU
		{8D9E17D2-D5E0-42EF-B932-59FA679D0A6E}.Release|Any CPU.Build.0 = Release|Any CPU
		{63F061A8-8841-4399-A483-DA13EE7A0878}.Debug|Any CPU.ActiveCfg = Debug|Any CPU
		{63F061A8-8841-4399-A483-DA13EE7A0878}.Debug|Any CPU.Build.0 = Debug|Any CPU
		{63F061A8-8841-4399-A483-DA13EE7A0878}.Release|Any CPU.ActiveCfg = Release|Any CPU
		{63F061A8-8841-4399-A483-DA13EE7A0878}.Release|Any CPU.Build.0 = Release|Any CPU
		{0AE244FD-1C3B-40E1-A327-1048496CDA37}.Debug|Any CPU.ActiveCfg = Debug|Any CPU
		{0AE244FD-1C3B-40E1-A327-1048496CDA37}.Debug|Any CPU.Build.0 = Debug|Any CPU
		{0AE244FD-1C3B-40E1-A327-1048496CDA37}.Release|Any CPU.ActiveCfg = Release|Any CPU
		{0AE244FD-1C3B-40E1-A327-1048496CDA37}.Release|Any CPU.Build.0 = Release|Any CPU
	EndGlobalSection
	GlobalSection(SolutionProperties) = preSolution
		HideSolutionNode = FALSE
	EndGlobalSection
	GlobalSection(ExtensibilityGlobals) = postSolution
		SolutionGuid = {5EB8A9D9-0E94-4C3D-9E2B-144403F4D354}
	EndGlobalSection
EndGlobal
