
Microsoft Visual Studio Solution File, Format Version 12.00
# Visual Studio Version 16
VisualStudioVersion = 16.0.29613.14
MinimumVisualStudioVersion = 10.0.40219.1
Project("{FAE04EC0-301F-11D3-BF4B-00C04F79EFBC}") = "FirstWindowsFormsApp", "FirstWindowsFormsApp\FirstWindowsFormsApp.csproj", "{79155662-441B-403E-8209-F92EA0A6B6B0}"
EndProject
Global
	GlobalSection(SolutionConfigurationPlatforms) = preSolution
		Debug|Any CPU = Debug|Any CPU
		Release|Any CPU = Release|Any CPU
	EndGlobalSection
	GlobalSection(ProjectConfigurationPlatforms) = postSolution
		{79155662-441B-403E-8209-F92EA0A6B6B0}.Debug|Any CPU.ActiveCfg = Debug|Any CPU
		{79155662-441B-403E-8209-F92EA0A6B6B0}.Debug|Any CPU.Build.0 = Debug|Any CPU
		{79155662-441B-403E-8209-F92EA0A6B6B0}.Release|Any CPU.ActiveCfg = Release|Any CPU
		{79155662-441B-403E-8209-F92EA0A6B6B0}.Release|Any CPU.Build.0 = Release|Any CPU
	EndGlobalSection
	GlobalSection(SolutionProperties) = preSolution
		HideSolutionNode = FALSE
	EndGlobalSection
	GlobalSection(ExtensibilityGlobals) = postSolution
		SolutionGuid = {48441109-4C49-4BE5-90B6-669C1ABEE068}
	EndGlobalSection
EndGlobal
